// !$*UTF8*$!
{
	archiveVersion = 1;
	classes = {
	};
	objectVersion = 46;
	objects = {

/* Begin PBXBuildFile section */
		6C8C0F8A19085546004C46C6 /* Foundation.framework in Frameworks */ = {isa = PBXBuildFile; fileRef = 6C8C0F8919085545004C46C6 /* Foundation.framework */; };
		6C8C0F8C19085546004C46C6 /* CoreGraphics.framework in Frameworks */ = {isa = PBXBuildFile; fileRef = 6C8C0F8B19085546004C46C6 /* CoreGraphics.framework */; };
		6C8C0F8E19085546004C46C6 /* UIKit.framework in Frameworks */ = {isa = PBXBuildFile; fileRef = 6C8C0F8D19085546004C46C6 /* UIKit.framework */; };
		6C8C0F9419085546004C46C6 /* InfoPlist.strings in Resources */ = {isa = PBXBuildFile; fileRef = 6C8C0F9219085546004C46C6 /* InfoPlist.strings */; };
		6C8C0F9619085546004C46C6 /* main.m in Sources */ = {isa = PBXBuildFile; fileRef = 6C8C0F9519085546004C46C6 /* main.m */; };
		6C8C0F9A19085546004C46C6 /* BPAppDelegate.m in Sources */ = {isa = PBXBuildFile; fileRef = 6C8C0F9919085546004C46C6 /* BPAppDelegate.m */; };
		6C8C0F9D19085546004C46C6 /* Main.storyboard in Resources */ = {isa = PBXBuildFile; fileRef = 6C8C0F9B19085546004C46C6 /* Main.storyboard */; };
		6C8C0FA219085546004C46C6 /* Images.xcassets in Resources */ = {isa = PBXBuildFile; fileRef = 6C8C0FA119085546004C46C6 /* Images.xcassets */; };
		6C8C0FA919085546004C46C6 /* XCTest.framework in Frameworks */ = {isa = PBXBuildFile; fileRef = 6C8C0FA819085546004C46C6 /* XCTest.framework */; };
		6C8C0FAA19085546004C46C6 /* Foundation.framework in Frameworks */ = {isa = PBXBuildFile; fileRef = 6C8C0F8919085545004C46C6 /* Foundation.framework */; };
		6C8C0FAB19085546004C46C6 /* UIKit.framework in Frameworks */ = {isa = PBXBuildFile; fileRef = 6C8C0F8D19085546004C46C6 /* UIKit.framework */; };
		6C8C0FB319085546004C46C6 /* InfoPlist.strings in Resources */ = {isa = PBXBuildFile; fileRef = 6C8C0FB119085546004C46C6 /* InfoPlist.strings */; };
		6C8C0FB519085546004C46C6 /* UITableViewController_Challenge_SolutionTests.m in Sources */ = {isa = PBXBuildFile; fileRef = 6C8C0FB419085546004C46C6 /* UITableViewController_Challenge_SolutionTests.m */; };
		6C8C0FC0190856F0004C46C6 /* BPTableViewController.m in Sources */ = {isa = PBXBuildFile; fileRef = 6C8C0FBF190856F0004C46C6 /* BPTableViewController.m */; };
/* End PBXBuildFile section */

/* Begin PBXContainerItemProxy section */
		6C8C0FAC19085546004C46C6 /* PBXContainerItemProxy */ = {
			isa = PBXContainerItemProxy;
			containerPortal = 6C8C0F7E19085545004C46C6 /* Project object */;
			proxyType = 1;
			remoteGlobalIDString = 6C8C0F8519085545004C46C6;
			remoteInfo = "UITableViewController Challenge Solution";
		};
/* End PBXContainerItemProxy section */

/* Begin PBXFileReference section */
		6C8C0F8619085545004C46C6 /* UITableViewController Challenge Solution.app */ = {isa = PBXFileReference; explicitFileType = wrapper.application; includeInIndex = 0; path = "UITableViewController Challenge Solution.app"; sourceTree = BUILT_PRODUCTS_DIR; };
		6C8C0F8919085545004C46C6 /* Foundation.framework */ = {isa = PBXFileReference; lastKnownFileType = wrapper.framework; name = Foundation.framework; path = System/Library/Frameworks/Foundation.framework; sourceTree = SDKROOT; };
		6C8C0F8B19085546004C46C6 /* CoreGraphics.framework */ = {isa = PBXFileReference; lastKnownFileType = wrapper.framework; name = CoreGraphics.framework; path = System/Library/Frameworks/CoreGraphics.framework; sourceTree = SDKROOT; };
		6C8C0F8D19085546004C46C6 /* UIKit.framework */ = {isa = PBXFileReference; lastKnownFileType = wrapper.framework; name = UIKit.framework; path = System/Library/Frameworks/UIKit.framework; sourceTree = SDKROOT; };
		6C8C0F9119085546004C46C6 /* UITableViewController Challenge Solution-Info.plist */ = {isa = PBXFileReference; lastKnownFileType = text.plist.xml; path = "UITableViewController Challenge Solution-Info.plist"; sourceTree = "<group>"; };
		6C8C0F9319085546004C46C6 /* en */ = {isa = PBXFileReference; lastKnownFileType = text.plist.strings; name = en; path = en.lproj/InfoPlist.strings; sourceTree = "<group>"; };
		6C8C0F9519085546004C46C6 /* main.m */ = {isa = PBXFileReference; lastKnownFileType = sourcecode.c.objc; path = main.m; sourceTree = "<group>"; };
		6C8C0F9719085546004C46C6 /* UITableViewController Challenge Solution-Prefix.pch */ = {isa = PBXFileReference; lastKnownFileType = sourcecode.c.h; path = "UITableViewController Challenge Solution-Prefix.pch"; sourceTree = "<group>"; };
		6C8C0F9819085546004C46C6 /* BPAppDelegate.h */ = {isa = PBXFileReference; lastKnownFileType = sourcecode.c.h; path = BPAppDelegate.h; sourceTree = "<group>"; };
		6C8C0F9919085546004C46C6 /* BPAppDelegate.m */ = {isa = PBXFileReference; lastKnownFileType = sourcecode.c.objc; path = BPAppDelegate.m; sourceTree = "<group>"; };
		6C8C0F9C19085546004C46C6 /* Base */ = {isa = PBXFileReference; lastKnownFileType = file.storyboard; name = Base; path = Base.lproj/Main.storyboard; sourceTree = "<group>"; };
		6C8C0FA119085546004C46C6 /* Images.xcassets */ = {isa = PBXFileReference; lastKnownFileType = folder.assetcatalog; path = Images.xcassets; sourceTree = "<group>"; };
		6C8C0FA719085546004C46C6 /* UITableViewController Challenge SolutionTests.xctest */ = {isa = PBXFileReference; explicitFileType = wrapper.cfbundle; includeInIndex = 0; path = "UITableViewController Challenge SolutionTests.xctest"; sourceTree = BUILT_PRODUCTS_DIR; };
		6C8C0FA819085546004C46C6 /* XCTest.framework */ = {isa = PBXFileReference; lastKnownFileType = wrapper.framework; name = XCTest.framework; path = Library/Frameworks/XCTest.framework; sourceTree = DEVELOPER_DIR; };
		6C8C0FB019085546004C46C6 /* UITableViewController Challenge SolutionTests-Info.plist */ = {isa = PBXFileReference; lastKnownFileType = text.plist.xml; path = "UITableViewController Challenge SolutionTests-Info.plist"; sourceTree = "<group>"; };
		6C8C0FB219085546004C46C6 /* en */ = {isa = PBXFileReference; lastKnownFileType = text.plist.strings; name = en; path = en.lproj/InfoPlist.strings; sourceTree = "<group>"; };
		6C8C0FB419085546004C46C6 /* UITableViewController_Challenge_SolutionTests.m */ = {isa = PBXFileReference; lastKnownFileType = sourcecode.c.objc; path = UITableViewController_Challenge_SolutionTests.m; sourceTree = "<group>"; };
		6C8C0FBE190856F0004C46C6 /* BPTableViewController.h */ = {isa = PBXFileReference; fileEncoding = 4; lastKnownFileType = sourcecode.c.h; path = BPTableViewController.h; sourceTree = "<group>"; };
		6C8C0FBF190856F0004C46C6 /* BPTableViewController.m */ = {isa = PBXFileReference; fileEncoding = 4; lastKnownFileType = sourcecode.c.objc; path = BPTableViewController.m; sourceTree = "<group>"; };
/* End PBXFileReference section */

/* Begin PBXFrameworksBuildPhase section */
		6C8C0F8319085545004C46C6 /* Frameworks */ = {
			isa = PBXFrameworksBuildPhase;
			buildActionMask = 2147483647;
			files = (
				6C8C0F8C19085546004C46C6 /* CoreGraphics.framework in Frameworks */,
				6C8C0F8E19085546004C46C6 /* UIKit.framework in Frameworks */,
				6C8C0F8A19085546004C46C6 /* Foundation.framework in Frameworks */,
			);
			runOnlyForDeploymentPostprocessing = 0;
		};
		6C8C0FA419085546004C46C6 /* Frameworks */ = {
			isa = PBXFrameworksBuildPhase;
			buildActionMask = 2147483647;
			files = (
				6C8C0FA919085546004C46C6 /* XCTest.framework in Frameworks */,
				6C8C0FAB19085546004C46C6 /* UIKit.framework in Frameworks */,
				6C8C0FAA19085546004C46C6 /* Foundation.framework in Frameworks */,
			);
			runOnlyForDeploymentPostprocessing = 0;
		};
/* End PBXFrameworksBuildPhase section */

/* Begin PBXGroup section */
		6C8C0F7D19085545004C46C6 = {
			isa = PBXGroup;
			children = (
				6C8C0F8F19085546004C46C6 /* UITableViewController Challenge Solution */,
				6C8C0FAE19085546004C46C6 /* UITableViewController Challenge SolutionTests */,
				6C8C0F8819085545004C46C6 /* Frameworks */,
				6C8C0F8719085545004C46C6 /* Products */,
			);
			sourceTree = "<group>";
		};
		6C8C0F8719085545004C46C6 /* Products */ = {
			isa = PBXGroup;
			children = (
				6C8C0F8619085545004C46C6 /* UITableViewController Challenge Solution.app */,
				6C8C0FA719085546004C46C6 /* UITableViewController Challenge SolutionTests.xctest */,
			);
			name = Products;
			sourceTree = "<group>";
		};
		6C8C0F8819085545004C46C6 /* Frameworks */ = {
			isa = PBXGroup;
			children = (
				6C8C0F8919085545004C46C6 /* Foundation.framework */,
				6C8C0F8B19085546004C46C6 /* CoreGraphics.framework */,
				6C8C0F8D19085546004C46C6 /* UIKit.framework */,
				6C8C0FA819085546004C46C6 /* XCTest.framework */,
			);
			name = Frameworks;
			sourceTree = "<group>";
		};
		6C8C0F8F19085546004C46C6 /* UITableViewController Challenge Solution */ = {
			isa = PBXGroup;
			children = (
				6C8C0F9819085546004C46C6 /* BPAppDelegate.h */,
				6C8C0F9919085546004C46C6 /* BPAppDelegate.m */,
				6C8C0F9B19085546004C46C6 /* Main.storyboard */,
				6C8C0FBE190856F0004C46C6 /* BPTableViewController.h */,
				6C8C0FBF190856F0004C46C6 /* BPTableViewController.m */,
				6C8C0FA119085546004C46C6 /* Images.xcassets */,
				6C8C0F9019085546004C46C6 /* Supporting Files */,
			);
			path = "UITableViewController Challenge Solution";
			sourceTree = "<group>";
		};
		6C8C0F9019085546004C46C6 /* Supporting Files */ = {
			isa = PBXGroup;
			children = (
				6C8C0F9119085546004C46C6 /* UITableViewController Challenge Solution-Info.plist */,
				6C8C0F9219085546004C46C6 /* InfoPlist.strings */,
				6C8C0F9519085546004C46C6 /* main.m */,
				6C8C0F9719085546004C46C6 /* UITableViewController Challenge Solution-Prefix.pch */,
			);
			name = "Supporting Files";
			sourceTree = "<group>";
		};
		6C8C0FAE19085546004C46C6 /* UITableViewController Challenge SolutionTests */ = {
			isa = PBXGroup;
			children = (
				6C8C0FB419085546004C46C6 /* UITableViewController_Challenge_SolutionTests.m */,
				6C8C0FAF19085546004C46C6 /* Supporting Files */,
			);
			path = "UITableViewController Challenge SolutionTests";
			sourceTree = "<group>";
		};
		6C8C0FAF19085546004C46C6 /* Supporting Files */ = {
			isa = PBXGroup;
			children = (
				6C8C0FB019085546004C46C6 /* UITableViewController Challenge SolutionTests-Info.plist */,
				6C8C0FB119085546004C46C6 /* InfoPlist.strings */,
			);
			name = "Supporting Files";
			sourceTree = "<group>";
		};
/* End PBXGroup section */

/* Begin PBXNativeTarget section */
		6C8C0F8519085545004C46C6 /* UITableViewController Challenge Solution */ = {
			isa = PBXNativeTarget;
			buildConfigurationList = 6C8C0FB819085546004C46C6 /* Build configuration list for PBXNativeTarget "UITableViewController Challenge Solution" */;
			buildPhases = (
				6C8C0F8219085545004C46C6 /* Sources */,
				6C8C0F8319085545004C46C6 /* Frameworks */,
				6C8C0F8419085545004C46C6 /* Resources */,
			);
			buildRules = (
			);
			dependencies = (
			);
			name = "UITableViewController Challenge Solution";
			productName = "UITableViewController Challenge Solution";
			productReference = 6C8C0F8619085545004C46C6 /* UITableViewController Challenge Solution.app */;
			productType = "com.apple.product-type.application";
		};
		6C8C0FA619085546004C46C6 /* UITableViewController Challenge SolutionTests */ = {
			isa = PBXNativeTarget;
			buildConfigurationList = 6C8C0FBB19085546004C46C6 /* Build configuration list for PBXNativeTarget "UITableViewController Challenge SolutionTests" */;
			buildPhases = (
				6C8C0FA319085546004C46C6 /* Sources */,
				6C8C0FA419085546004C46C6 /* Frameworks */,
				6C8C0FA519085546004C46C6 /* Resources */,
			);
			buildRules = (
			);
			dependencies = (
				6C8C0FAD19085546004C46C6 /* PBXTargetDependency */,
			);
			name = "UITableViewController Challenge SolutionTests";
			productName = "UITableViewController Challenge SolutionTests";
			productReference = 6C8C0FA719085546004C46C6 /* UITableViewController Challenge SolutionTests.xctest */;
			productType = "com.apple.product-type.bundle.unit-test";
		};
/* End PBXNativeTarget section */

/* Begin PBXProject section */
		6C8C0F7E19085545004C46C6 /* Project object */ = {
			isa = PBXProject;
			attributes = {
				CLASSPREFIX = BP;
				LastUpgradeCheck = 0510;
				ORGANIZATIONNAME = "Both Points";
				TargetAttributes = {
					6C8C0FA619085546004C46C6 = {
						TestTargetID = 6C8C0F8519085545004C46C6;
					};
				};
			};
			buildConfigurationList = 6C8C0F8119085545004C46C6 /* Build configuration list for PBXProject "UITableViewController Challenge Solution" */;
			compatibilityVersion = "Xcode 3.2";
			developmentRegion = English;
			hasScannedForEncodings = 0;
			knownRegions = (
				en,
				Base,
			);
			mainGroup = 6C8C0F7D19085545004C46C6;
			productRefGroup = 6C8C0F8719085545004C46C6 /* Products */;
			projectDirPath = "";
			projectRoot = "";
			targets = (
				6C8C0F8519085545004C46C6 /* UITableViewController Challenge Solution */,
				6C8C0FA619085546004C46C6 /* UITableViewController Challenge SolutionTests */,
			);
		};
/* End PBXProject section */

/* Begin PBXResourcesBuildPhase section */
		6C8C0F8419085545004C46C6 /* Resources */ = {
			isa = PBXResourcesBuildPhase;
			buildActionMask = 2147483647;
			files = (
				6C8C0FA219085546004C46C6 /* Images.xcassets in Resources */,
				6C8C0F9419085546004C46C6 /* InfoPlist.strings in Resources */,
				6C8C0F9D19085546004C46C6 /* Main.storyboard in Resources */,
			);
			runOnlyForDeploymentPostprocessing = 0;
		};
		6C8C0FA519085546004C46C6 /* Resources */ = {
			isa = PBXResourcesBuildPhase;
			buildActionMask = 2147483647;
			files = (
				6C8C0FB319085546004C46C6 /* InfoPlist.strings in Resources */,
			);
			runOnlyForDeploymentPostprocessing = 0;
		};
/* End PBXResourcesBuildPhase section */

/* Begin PBXSourcesBuildPhase section */
		6C8C0F8219085545004C46C6 /* Sources */ = {
			isa = PBXSourcesBuildPhase;
			buildActionMask = 2147483647;
			files = (
				6C8C0FC0190856F0004C46C6 /* BPTableViewController.m in Sources */,
				6C8C0F9A19085546004C46C6 /* BPAppDelegate.m in Sources */,
				6C8C0F9619085546004C46C6 /* main.m in Sources */,
			);
			runOnlyForDeploymentPostprocessing = 0;
		};
		6C8C0FA319085546004C46C6 /* Sources */ = {
			isa = PBXSourcesBuildPhase;
			buildActionMask = 2147483647;
			files = (
				6C8C0FB519085546004C46C6 /* UITableViewController_Challenge_SolutionTests.m in Sources */,
			);
			runOnlyForDeploymentPostprocessing = 0;
		};
/* End PBXSourcesBuildPhase section */

/* Begin PBXTargetDependency section */
		6C8C0FAD19085546004C46C6 /* PBXTargetDependency */ = {
			isa = PBXTargetDependency;
			target = 6C8C0F8519085545004C46C6 /* UITableViewController Challenge Solution */;
			targetProxy = 6C8C0FAC19085546004C46C6 /* PBXContainerItemProxy */;
		};
/* End PBXTargetDependency section */

/* Begin PBXVariantGroup section */
		6C8C0F9219085546004C46C6 /* InfoPlist.strings */ = {
			isa = PBXVariantGroup;
			children = (
				6C8C0F9319085546004C46C6 /* en */,
			);
			name = InfoPlist.strings;
			sourceTree = "<group>";
		};
		6C8C0F9B19085546004C46C6 /* Main.storyboard */ = {
			isa = PBXVariantGroup;
			children = (
				6C8C0F9C19085546004C46C6 /* Base */,
			);
			name = Main.storyboard;
			sourceTree = "<group>";
		};
		6C8C0FB119085546004C46C6 /* InfoPlist.strings */ = {
			isa = PBXVariantGroup;
			children = (
				6C8C0FB219085546004C46C6 /* en */,
			);
			name = InfoPlist.strings;
			sourceTree = "<group>";
		};
/* End PBXVariantGroup section */

/* Begin XCBuildConfiguration section */
		6C8C0FB619085546004C46C6 /* Debug */ = {
			isa = XCBuildConfiguration;
			buildSettings = {
				ALWAYS_SEARCH_USER_PATHS = NO;
				CLANG_CXX_LANGUAGE_STANDARD = "gnu++0x";
				CLANG_CXX_LIBRARY = "libc++";
				CLANG_ENABLE_MODULES = YES;
				CLANG_ENABLE_OBJC_ARC = YES;
				CLANG_WARN_BOOL_CONVERSION = YES;
				CLANG_WARN_CONSTANT_CONVERSION = YES;
				CLANG_WARN_DIRECT_OBJC_ISA_USAGE = YES_ERROR;
				CLANG_WARN_EMPTY_BODY = YES;
				CLANG_WARN_ENUM_CONVERSION = YES;
				CLANG_WARN_INT_CONVERSION = YES;
				CLANG_WARN_OBJC_ROOT_CLASS = YES_ERROR;
				CLANG_WARN__DUPLICATE_METHOD_MATCH = YES;
				"CODE_SIGN_IDENTITY[sdk=iphoneos*]" = "iPhone Developer";
				COPY_PHASE_STRIP = NO;
				GCC_C_LANGUAGE_STANDARD = gnu99;
				GCC_DYNAMIC_NO_PIC = NO;
				GCC_OPTIMIZATION_LEVEL = 0;
				GCC_PREPROCESSOR_DEFINITIONS = (
					"DEBUG=1",
					"$(inherited)",
				);
				GCC_SYMBOLS_PRIVATE_EXTERN = NO;
				GCC_WARN_64_TO_32_BIT_CONVERSION = YES;
				GCC_WARN_ABOUT_RETURN_TYPE = YES_ERROR;
				GCC_WARN_UNDECLARED_SELECTOR = YES;
				GCC_WARN_UNINITIALIZED_AUTOS = YES_AGGRESSIVE;
				GCC_WARN_UNUSED_FUNCTION = YES;
				GCC_WARN_UNUSED_VARIABLE = YES;
				IPHONEOS_DEPLOYMENT_TARGET = 7.1;
				ONLY_ACTIVE_ARCH = YES;
				SDKROOT = iphoneos;
			};
			name = Debug;
		};
		6C8C0FB719085546004C46C6 /* Release */ = {
			isa = XCBuildConfiguration;
			buildSettings = {
				ALWAYS_SEARCH_USER_PATHS = NO;
				CLANG_CXX_LANGUAGE_STANDARD = "gnu++0x";
				CLANG_CXX_LIBRARY = "libc++";
				CLANG_ENABLE_MODULES = YES;
				CLANG_ENABLE_OBJC_ARC = YES;
				CLANG_WARN_BOOL_CONVERSION = YES;
				CLANG_WARN_CONSTANT_CONVERSION = YES;
				CLANG_WARN_DIRECT_OBJC_ISA_USAGE = YES_ERROR;
				CLANG_WARN_EMPTY_BODY = YES;
				CLANG_WARN_ENUM_CONVERSION = YES;
				CLANG_WARN_INT_CONVERSION = YES;
				CLANG_WARN_OBJC_ROOT_CLASS = YES_ERROR;
				CLANG_WARN__DUPLICATE_METHOD_MATCH = YES;
				"CODE_SIGN_IDENTITY[sdk=iphoneos*]" = "iPhone Developer";
				COPY_PHASE_STRIP = YES;
				ENABLE_NS_ASSERTIONS = NO;
				GCC_C_LANGUAGE_STANDARD = gnu99;
				GCC_WARN_64_TO_32_BIT_CONVERSION = YES;
				GCC_WARN_ABOUT_RETURN_TYPE = YES_ERROR;
				GCC_WARN_UNDECLARED_SELECTOR = YES;
				GCC_WARN_UNINITIALIZED_AUTOS = YES_AGGRESSIVE;
				GCC_WARN_UNUSED_FUNCTION = YES;
				GCC_WARN_UNUSED_VARIABLE = YES;
				IPHONEOS_DEPLOYMENT_TARGET = 7.1;
				SDKROOT = iphoneos;
				VALIDATE_PRODUCT = YES;
			};
			name = Release;
		};
		6C8C0FB919085546004C46C6 /* Debug */ = {
			isa = XCBuildConfiguration;
			buildSettings = {
				ASSETCATALOG_COMPILER_APPICON_NAME = AppIcon;
				ASSETCATALOG_COMPILER_LAUNCHIMAGE_NAME = LaunchImage;
				GCC_PRECOMPILE_PREFIX_HEADER = YES;
				GCC_PREFIX_HEADER = "UITableViewController Challenge Solution/UITableViewController Challenge Solution-Prefix.pch";
				INFOPLIST_FILE = "UITableViewController Challenge Solution/UITableViewController Challenge Solution-Info.plist";
				PRODUCT_NAME = "$(TARGET_NAME)";
				WRAPPER_EXTENSION = app;
			};
			name = Debug;
		};
		6C8C0FBA19085546004C46C6 /* Release */ = {
			isa = XCBuildConfiguration;
			buildSettings = {
				ASSETCATALOG_COMPILER_APPICON_NAME = AppIcon;
				ASSETCATALOG_COMPILER_LAUNCHIMAGE_NAME = LaunchImage;
				GCC_PRECOMPILE_PREFIX_HEADER = YES;
				GCC_PREFIX_HEADER = "UITableViewController Challenge Solution/UITableViewController Challenge Solution-Prefix.pch";
				INFOPLIST_FILE = "UITableViewController Challenge Solution/UITableViewController Challenge Solution-Info.plist";
				PRODUCT_NAME = "$(TARGET_NAME)";
				WRAPPER_EXTENSION = app;
			};
			name = Release;
		};
		6C8C0FBC19085546004C46C6 /* Debug */ = {
			isa = XCBuildConfiguration;
			buildSettings = {
				BUNDLE_LOADER = "$(BUILT_PRODUCTS_DIR)/UITableViewController Challenge Solution.app/UITableViewController Challenge Solution";
				FRAMEWORK_SEARCH_PATHS = (
					"$(SDKROOT)/Developer/Library/Frameworks",
					"$(inherited)",
					"$(DEVELOPER_FRAMEWORKS_DIR)",
				);
				GCC_PRECOMPILE_PREFIX_HEADER = YES;
				GCC_PREFIX_HEADER = "UITableViewController Challenge Solution/UITableViewController Challenge Solution-Prefix.pch";
				GCC_PREPROCESSOR_DEFINITIONS = (
					"DEBUG=1",
					"$(inherited)",
				);
				INFOPLIST_FILE = "UITableViewController Challenge SolutionTests/UITableViewController Challenge SolutionTests-Info.plist";
				PRODUCT_NAME = "$(TARGET_NAME)";
				TEST_HOST = "$(BUNDLE_LOADER)";
				WRAPPER_EXTENSION = xctest;
			};
			name = Debug;
		};
		6C8C0FBD19085546004C46C6 /* Release */ = {
			isa = XCBuildConfiguration;
			buildSettings = {
				BUNDLE_LOADER = "$(BUILT_PRODUCTS_DIR)/UITableViewController Challenge Solution.app/UITableViewController Challenge Solution";
				FRAMEWORK_SEARCH_PATHS = (
					"$(SDKROOT)/Developer/Library/Frameworks",
					"$(inherited)",
					"$(DEVELOPER_FRAMEWORKS_DIR)",
				);
				GCC_PRECOMPILE_PREFIX_HEADER = YES;
				GCC_PREFIX_HEADER = "UITableViewController Challenge Solution/UITableViewController Challenge Solution-Prefix.pch";
				INFOPLIST_FILE = "UITableViewController Challenge SolutionTests/UITableViewController Challenge SolutionTests-Info.plist";
				PRODUCT_NAME = "$(TARGET_NAME)";
				TEST_HOST = "$(BUNDLE_LOADER)";
				WRAPPER_EXTENSION = xctest;
			};
			name = Release;
		};
/* End XCBuildConfiguration section */

/* Begin XCConfigurationList section */
		6C8C0F8119085545004C46C6 /* Build configuration list for PBXProject "UITableViewController Challenge Solution" */ = {
			isa = XCConfigurationList;
			buildConfigurations = (
				6C8C0FB619085546004C46C6 /* Debug */,
				6C8C0FB719085546004C46C6 /* Release */,
			);
			defaultConfigurationIsVisible = 0;
			defaultConfigurationName = Release;
		};
		6C8C0FB819085546004C46C6 /* Build configuration list for PBXNativeTarget "UITableViewController Challenge Solution" */ = {
			isa = XCConfigurationList;
			buildConfigurations = (
				6C8C0FB919085546004C46C6 /* Debug */,
				6C8C0FBA19085546004C46C6 /* Release */,
			);
			defaultConfigurationIsVisible = 0;
		};
		6C8C0FBB19085546004C46C6 /* Build configuration list for PBXNativeTarget "UITableViewController Challenge SolutionTests" */ = {
			isa = XCConfigurationList;
			buildConfigurations = (
				6C8C0FBC19085546004C46C6 /* Debug */,
				6C8C0FBD19085546004C46C6 /* Release */,
			);
			defaultConfigurationIsVisible = 0;
		};
/* End XCConfigurationList section */
	};
	rootObject = 6C8C0F7E19085545004C46C6 /* Project object */;
}
